PODS:
  - hpple (0.2.0)
  - WKZombie (1.1.0):
    - hpple (= 0.2.0)

DEPENDENCIES:
  - WKZombie (from `../`)

SPEC REPOS:
  https://github.com/cocoapods/specs.git:
    - hpple

EXTERNAL SOURCES:
  WKZombie:
    :path: "../"

SPEC CHECKSUMS:
  hpple: 3b765f96fc2cd56ad1a49aef6f7be5cb2aa64b57
  WKZombie: 588cc629cfc30c70c9b81f28336d41463b32f98c

PODFILE CHECKSUM: 1581900b7780de56cc1128e40de32508a1eabe67

COCOAPODS: 1.5.3
